
Microsoft Visual Studio Solution File, Format Version 12.00
# Visual Studio Version 17
VisualStudioVersion = 17.14.37328.6 d17.14
MinimumVisualStudioVersion = 10.0.40219.1
Project("{FAE04EC0-301F-11D3-BF4B-00C04F79EFBC}") = "PCbuilder", "PCbuilder\PCbuilder.csproj", "{A0CB5BAF-801A-4735-A67A-A61E91758C6D}"
EndProject
Global
	GlobalSection(SolutionConfigurationPlatforms) = preSolution
		Debug|Any CPU = Debug|Any CPU
		Release|Any CPU = Release|Any CPU
	EndGlobalSection
	GlobalSection(ProjectConfigurationPlatforms) = postSolution
		{A0CB5BAF-801A-4735-A67A-A61E91758C6D}.Debug|Any CPU.ActiveCfg = Debug|Any CPU
		{A0CB5BAF-801A-4735-A67A-A61E91758C6D}.Debug|Any CPU.Build.0 = Debug|Any CPU
		{A0CB5BAF-801A-4735-A67A-A61E91758C6D}.Release|Any CPU.ActiveCfg = Release|Any CPU
		{A0CB5BAF-801A-4735-A67A-A61E91758C6D}.Release|Any CPU.Build.0 = Release|Any CPU
	EndGlobalSection
	GlobalSection(SolutionProperties) = preSolution
		HideSolutionNode = FALSE
	EndGlobalSection
	GlobalSection(ExtensibilityGlobals) = postSolution
		SolutionGuid = {002E191F-FBA3-49BF-BAE5-FFC7AFCDF328}
	EndGlobalSection
EndGlobal
